github.com/arran4/golang-ical v0.3.5 h1:bbz6ld4dC+MmCKiFfOd6SkmIGnhNMBACZ485ULh7p9A=
github.com/arran4/golang-ical v0.3.5/go.mod h1:OnguFgjN0Hmx8jzpmWcC+AkHio94ujmLHKoaef7xQh8=
github.com/emersion/go-vcard v0.0.0-20241024213814-c9703dde27ff h1:4N8wnS3f1hNHSmFD5zgFkWCyA4L1kCDkImPAtK7D6tg=
github.com/emersion/go-vcard v0.0.0-20241024213814-c9703dde27ff/go.mod h1:HMJKR5wlh/ziNp+sHEDV2ltblO4JD2+IdDOWtGcQBTM=
github.com/godbus/dbus/v5 v5.1.0 h1:4KLkAxT3aOY8Li4FRJe/KvhoNFFxo0m6fNuFUO8QJUk=
github.com/godbus/dbus/v5 v5.1.0/go.mod h1:xhWf0FNVPg57R7Z0UbKHbJfkEywrmjJnf7w5xrFpKfA=
github.com/teambition/rrule-go v1.8.2 h1:lIjpjvWTj9fFUZCmuoVDrKVOtdiyzbzc93qTmRVe/J8=
github.com/teambition/rrule-go v1.8.2/go.mod h1:Ieq5AbrKGciP1V//Wq8ktsTXwSwJHDD5mD/wLBGl3p4=
